
Microsoft Visual Studio Solution File, Format Version 12.00
# Visual Studio 15
VisualStudioVersion = 15.0.28010.2048
MinimumVisualStudioVersion = 10.0.40219.1
Project("{FAE04EC0-301F-11D3-BF4B-00C04F79EFBC}") = "StockMaster", "StockMaster\StockMaster.csproj", "{4E089972-9C88-4545-9061-F7DF89DA362F}"
EndProject
Global
	GlobalSection(SolutionConfigurationPlatforms) = preSolution
		Debug|Any CPU = Debug|Any CPU
		Release|Any CPU = Release|Any CPU
	EndGlobalSection
	GlobalSection(ProjectConfigurationPlatforms) = postSolution
		{4E089972-9C88-4545-9061-F7DF89DA362F}.Debug|Any CPU.ActiveCfg = Debug|Any CPU
		{4E089972-9C88-4545-9061-F7DF89DA362F}.Debug|Any CPU.Build.0 = Debug|Any CPU
		{4E089972-9C88-4545-9061-F7DF89DA362F}.Release|Any CPU.ActiveCfg = Release|Any CPU
		{4E089972-9C88-4545-9061-F7DF89DA362F}.Release|Any CPU.Build.0 = Release|Any CPU
	EndGlobalSection
	GlobalSection(SolutionProperties) = preSolution
		HideSolutionNode = FALSE
	EndGlobalSection
	GlobalSection(ExtensibilityGlobals) = postSolution
		SolutionGuid = {3E5D27CA-7752-4570-8DB3-162482C0E1A7}
	EndGlobalSection
EndGlobal
